
Microsoft Visual Studio Solution File, Format Version 12.00
# Visual Studio Version 17
VisualStudioVersion = 17.0.31903.59
MinimumVisualStudioVersion = 10.0.40219.1
Project("{FAE04EC0-301F-11D3-BF4B-00C04F79EFBC}") = "miniApp.API", "miniApp.API\miniApp.API.csproj", "{C871DCAB-7F8F-4B06-A321-FD1301D8596C}"
EndProject
Project("{FAE04EC0-301F-11D3-BF4B-00C04F79EFBC}") = "miniApp.Web", "miniApp.Web\miniApp.Web.csproj", "{359133C8-0BC7-4490-A3EA-F4E4AB5D0183}"
EndProject
Project("{FAE04EC0-301F-11D3-BF4B-00C04F79EFBC}") = "miniApp.WebOrders", "miniApp.Web.Orders\miniApp.WebOrders.csproj", "{9ABDC6BD-00C7-4A41-8E7A-48100B0E58CF}"
EndProject
Global
	GlobalSection(SolutionConfigurationPlatforms) = preSolution
		Debug|Any CPU = Debug|Any CPU
		Debug|x64 = Debug|x64
		Debug|x86 = Debug|x86
		Release|Any CPU = Release|Any CPU
		Release|x64 = Release|x64
		Release|x86 = Release|x86
	EndGlobalSection
	GlobalSection(ProjectConfigurationPlatforms) = postSolution
		{C871DCAB-7F8F-4B06-A321-FD1301D8596C}.Debug|Any CPU.ActiveCfg = Debug|Any CPU
		{C871DCAB-7F8F-4B06-A321-FD1301D8596C}.Debug|Any CPU.Build.0 = Debug|Any CPU
		{C871DCAB-7F8F-4B06-A321-FD1301D8596C}.Debug|x64.ActiveCfg = Debug|Any CPU
		{C871DCAB-7F8F-4B06-A321-FD1301D8596C}.Debug|x64.Build.0 = Debug|Any CPU
		{C871DCAB-7F8F-4B06-A321-FD1301D8596C}.Debug|x86.ActiveCfg = Debug|Any CPU
		{C871DCAB-7F8F-4B06-A321-FD1301D8596C}.Debug|x86.Build.0 = Debug|Any CPU
		{C871DCAB-7F8F-4B06-A321-FD1301D8596C}.Release|Any CPU.ActiveCfg = Release|Any CPU
		{C871DCAB-7F8F-4B06-A321-FD1301D8596C}.Release|Any CPU.Build.0 = Release|Any CPU
		{C871DCAB-7F8F-4B06-A321-FD1301D8596C}.Release|x64.ActiveCfg = Release|Any CPU
		{C871DCAB-7F8F-4B06-A321-FD1301D8596C}.Release|x64.Build.0 = Release|Any CPU
		{C871DCAB-7F8F-4B06-A321-FD1301D8596C}.Release|x86.ActiveCfg = Release|Any CPU
		{C871DCAB-7F8F-4B06-A321-FD1301D8596C}.Release|x86.Build.0 = Release|Any CPU
		{359133C8-0BC7-4490-A3EA-F4E4AB5D0183}.Debug|Any CPU.ActiveCfg = Debug|Any CPU
		{359133C8-0BC7-4490-A3EA-F4E4AB5D0183}.Debug|Any CPU.Build.0 = Debug|Any CPU
		{359133C8-0BC7-4490-A3EA-F4E4AB5D0183}.Debug|x64.ActiveCfg = Debug|Any CPU
		{359133C8-0BC7-4490-A3EA-F4E4AB5D0183}.Debug|x64.Build.0 = Debug|Any CPU
		{359133C8-0BC7-4490-A3EA-F4E4AB5D0183}.Debug|x86.ActiveCfg = Debug|Any CPU
		{359133C8-0BC7-4490-A3EA-F4E4AB5D0183}.Debug|x86.Build.0 = Debug|Any CPU
		{359133C8-0BC7-4490-A3EA-F4E4AB5D0183}.Release|Any CPU.ActiveCfg = Release|Any CPU
		{359133C8-0BC7-4490-A3EA-F4E4AB5D0183}.Release|Any CPU.Build.0 = Release|Any CPU
		{359133C8-0BC7-4490-A3EA-F4E4AB5D0183}.Release|x64.ActiveCfg = Release|Any CPU
		{359133C8-0BC7-4490-A3EA-F4E4AB5D0183}.Release|x64.Build.0 = Release|Any CPU
		{359133C8-0BC7-4490-A3EA-F4E4AB5D0183}.Release|x86.ActiveCfg = Release|Any CPU
		{359133C8-0BC7-4490-A3EA-F4E4AB5D0183}.Release|x86.Build.0 = Release|Any CPU
		{9ABDC6BD-00C7-4A41-8E7A-48100B0E58CF}.Debug|Any CPU.ActiveCfg = Debug|Any CPU
		{9ABDC6BD-00C7-4A41-8E7A-48100B0E58CF}.Debug|Any CPU.Build.0 = Debug|Any CPU
		{9ABDC6BD-00C7-4A41-8E7A-48100B0E58CF}.Debug|x64.ActiveCfg = Debug|Any CPU
		{9ABDC6BD-00C7-4A41-8E7A-48100B0E58CF}.Debug|x64.Build.0 = Debug|Any CPU
		{9ABDC6BD-00C7-4A41-8E7A-48100B0E58CF}.Debug|x86.ActiveCfg = Debug|Any CPU
		{9ABDC6BD-00C7-4A41-8E7A-48100B0E58CF}.Debug|x86.Build.0 = Debug|Any CPU
		{9ABDC6BD-00C7-4A41-8E7A-48100B0E58CF}.Release|Any CPU.ActiveCfg = Release|Any CPU
		{9ABDC6BD-00C7-4A41-8E7A-48100B0E58CF}.Release|Any CPU.Build.0 = Release|Any CPU
		{9ABDC6BD-00C7-4A41-8E7A-48100B0E58CF}.Release|x64.ActiveCfg = Release|Any CPU
		{9ABDC6BD-00C7-4A41-8E7A-48100B0E58CF}.Release|x64.Build.0 = Release|Any CPU
		{9ABDC6BD-00C7-4A41-8E7A-48100B0E58CF}.Release|x86.ActiveCfg = Release|Any CPU
		{9ABDC6BD-00C7-4A41-8E7A-48100B0E58CF}.Release|x86.Build.0 = Release|Any CPU
	EndGlobalSection
	GlobalSection(SolutionProperties) = preSolution
		HideSolutionNode = FALSE
	EndGlobalSection
	GlobalSection(ExtensibilityGlobals) = postSolution
		SolutionGuid = {93171C0E-D11A-4DF3-91CE-3D0E2DC9696D}
	EndGlobalSection
EndGlobal
